
Microsoft Visual Studio Solution File, Format Version 12.00
# Visual Studio Version 16
VisualStudioVersion = 16.0.30114.105
MinimumVisualStudioVersion = 10.0.40219.1
Project("{9A19103F-16F7-4668-BE54-9A1E7A4F7556}") = "BlazeSPA.Server", "BlazeSPA\Server\BlazeSPA.Server.csproj", "{3844FF6F-5549-400F-9592-97A62265EAFF}"
EndProject
Project("{9A19103F-16F7-4668-BE54-9A1E7A4F7556}") = "BlazeSPA.Client", "BlazeSPA\Client\BlazeSPA.Client.csproj", "{A386A43B-5197-4DDC-A841-E832DEF17FAA}"
EndProject
Project("{9A19103F-16F7-4668-BE54-9A1E7A4F7556}") = "BlazeSPA.Shared", "BlazeSPA\Shared\BlazeSPA.Shared.csproj", "{E56AFCC6-ED4D-46BD-B251-45DC2737BE66}"
EndProject
Global
	GlobalSection(SolutionConfigurationPlatforms) = preSolution
		Debug|Any CPU = Debug|Any CPU
		Release|Any CPU = Release|Any CPU
	EndGlobalSection
	GlobalSection(ProjectConfigurationPlatforms) = postSolution
		{3844FF6F-5549-400F-9592-97A62265EAFF}.Debug|Any CPU.ActiveCfg = Debug|Any CPU
		{3844FF6F-5549-400F-9592-97A62265EAFF}.Debug|Any CPU.Build.0 = Debug|Any CPU
		{3844FF6F-5549-400F-9592-97A62265EAFF}.Release|Any CPU.ActiveCfg = Release|Any CPU
		{3844FF6F-5549-400F-9592-97A62265EAFF}.Release|Any CPU.Build.0 = Release|Any CPU
		{A386A43B-5197-4DDC-A841-E832DEF17FAA}.Debug|Any CPU.ActiveCfg = Debug|Any CPU
		{A386A43B-5197-4DDC-A841-E832DEF17FAA}.Debug|Any CPU.Build.0 = Debug|Any CPU
		{A386A43B-5197-4DDC-A841-E832DEF17FAA}.Release|Any CPU.ActiveCfg = Release|Any CPU
		{A386A43B-5197-4DDC-A841-E832DEF17FAA}.Release|Any CPU.Build.0 = Release|Any CPU
		{E56AFCC6-ED4D-46BD-B251-45DC2737BE66}.Debug|Any CPU.ActiveCfg = Debug|Any CPU
		{E56AFCC6-ED4D-46BD-B251-45DC2737BE66}.Debug|Any CPU.Build.0 = Debug|Any CPU
		{E56AFCC6-ED4D-46BD-B251-45DC2737BE66}.Release|Any CPU.ActiveCfg = Release|Any CPU
		{E56AFCC6-ED4D-46BD-B251-45DC2737BE66}.Release|Any CPU.Build.0 = Release|Any CPU
	EndGlobalSection
	GlobalSection(SolutionProperties) = preSolution
		HideSolutionNode = FALSE
	EndGlobalSection
	GlobalSection(ExtensibilityGlobals) = postSolution
		SolutionGuid = {D67D56DA-ED7E-422F-AB65-BAFD759B0DDD}
	EndGlobalSection
EndGlobal
